// !$*UTF8*$!
{
	archiveVersion = 1;
	classes = {
	};
	objectVersion = 46;
	objects = {

/* Begin PBXBuildFile section */
		083E80B71D3643DE00FA057A /* magic_cube.webp in Resources */ = {isa = PBXBuildFile; fileRef = 083E80B51D3643DE00FA057A /* magic_cube.webp */; };
		083E80B81D3643DE00FA057A /* multi_frames.gif in Resources */ = {isa = PBXBuildFile; fileRef = 083E80B61D3643DE00FA057A /* multi_frames.gif */; };
		083E80BF1D36458500FA057A /* FLAnimatedImage+MultiFormat.m in Sources */ = {isa = PBXBuildFile; fileRef = 083E80BE1D36458500FA057A /* FLAnimatedImage+MultiFormat.m */; };
		086EEBB11D363E9700D1DF91 /* FLAnimatedImage.m in Sources */ = {isa = PBXBuildFile; fileRef = 086EEB951D363E9700D1DF91 /* FLAnimatedImage.m */; };
		086EEBB21D363E9700D1DF91 /* FLAnimatedImageData.m in Sources */ = {isa = PBXBuildFile; fileRef = 086EEB971D363E9700D1DF91 /* FLAnimatedImageData.m */; };
		086EEBB31D363E9700D1DF91 /* FLAnimatedImageFrameCache.m in Sources */ = {isa = PBXBuildFile; fileRef = 086EEB991D363E9700D1DF91 /* FLAnimatedImageFrameCache.m */; };
		086EEBB41D363E9700D1DF91 /* FLAnimatedImageView.m in Sources */ = {isa = PBXBuildFile; fileRef = 086EEB9C1D363E9700D1DF91 /* FLAnimatedImageView.m */; };
		086EEBB51D363E9700D1DF91 /* FLTimingUtilities.m in Sources */ = {isa = PBXBuildFile; fileRef = 086EEB9E1D363E9700D1DF91 /* FLTimingUtilities.m */; };
		086EEBB61D363E9700D1DF91 /* FLWeakProxy.m in Sources */ = {isa = PBXBuildFile; fileRef = 086EEBA01D363E9700D1DF91 /* FLWeakProxy.m */; };
		086EEBB71D363E9700D1DF91 /* FLAnimatedGIFDataSource.m in Sources */ = {isa = PBXBuildFile; fileRef = 086EEBA31D363E9700D1DF91 /* FLAnimatedGIFDataSource.m */; };
		086EEBB81D363E9700D1DF91 /* FLAnimatedImage+GIF.m in Sources */ = {isa = PBXBuildFile; fileRef = 086EEBA51D363E9700D1DF91 /* FLAnimatedImage+GIF.m */; };
		086EEBB91D363E9700D1DF91 /* FLAnimatedImage+WebP.m in Sources */ = {isa = PBXBuildFile; fileRef = 086EEBA81D363E9700D1DF91 /* FLAnimatedImage+WebP.m */; };
		086EEBBA1D363E9700D1DF91 /* FLAnimatedWebPDataSource.m in Sources */ = {isa = PBXBuildFile; fileRef = 086EEBAA1D363E9700D1DF91 /* FLAnimatedWebPDataSource.m */; };
		086EEBBB1D363E9700D1DF91 /* FLAnimatedWebPDemuxer.m in Sources */ = {isa = PBXBuildFile; fileRef = 086EEBAC1D363E9700D1DF91 /* FLAnimatedWebPDemuxer.m */; };
		086EEBBC1D363E9700D1DF91 /* FLAnimatedWebPFrameInfo.m in Sources */ = {isa = PBXBuildFile; fileRef = 086EEBAE1D363E9700D1DF91 /* FLAnimatedWebPFrameInfo.m */; };
		086EEBBD1D363E9700D1DF91 /* FLWebPUtilities.m in Sources */ = {isa = PBXBuildFile; fileRef = 086EEBB01D363E9700D1DF91 /* FLWebPUtilities.m */; };
		488BE11385C46C68FE254925 /* libPods-FLAnimatedImageDemo.a in Frameworks */ = {isa = PBXBuildFile; fileRef = 26728DBEE3BDDDEE8F752011 /* libPods-FLAnimatedImageDemo.a */; };
		870D79D51936EBFC009D1BCE /* rock.gif in Resources */ = {isa = PBXBuildFile; fileRef = 870D79D41936EBFC009D1BCE /* rock.gif */; };
		872EBE70178B825500B7531B /* UIKit.framework in Frameworks */ = {isa = PBXBuildFile; fileRef = 872EBE6F178B825500B7531B /* UIKit.framework */; };
		872EBE72178B825500B7531B /* Foundation.framework in Frameworks */ = {isa = PBXBuildFile; fileRef = 872EBE71178B825500B7531B /* Foundation.framework */; };
		872EBE74178B825500B7531B /* CoreGraphics.framework in Frameworks */ = {isa = PBXBuildFile; fileRef = 872EBE73178B825500B7531B /* CoreGraphics.framework */; };
		872EBEB3178B89DF00B7531B /* ImageIO.framework in Frameworks */ = {isa = PBXBuildFile; fileRef = 872EBEB2178B89DF00B7531B /* ImageIO.framework */; };
		872EBEBB178B8F9000B7531B /* MobileCoreServices.framework in Frameworks */ = {isa = PBXBuildFile; fileRef = 872EBEBA178B8F9000B7531B /* MobileCoreServices.framework */; };
		872EBEBD178B8FA000B7531B /* QuartzCore.framework in Frameworks */ = {isa = PBXBuildFile; fileRef = 872EBEBC178B8FA000B7531B /* QuartzCore.framework */; };
		8790E1171935ABDA00459BC1 /* Images.xcassets in Resources */ = {isa = PBXBuildFile; fileRef = 8790E1161935ABDA00459BC1 /* Images.xcassets */; };
		87CB59F01935A7BB00620C16 /* AppDelegate.m in Sources */ = {isa = PBXBuildFile; fileRef = 87CB59ED1935A7BB00620C16 /* AppDelegate.m */; };
		87CB59F11935A7BB00620C16 /* RootViewController.m in Sources */ = {isa = PBXBuildFile; fileRef = 87CB59EF1935A7BB00620C16 /* RootViewController.m */; };
		87CB5A001935A83900620C16 /* InfoPlist.strings in Resources */ = {isa = PBXBuildFile; fileRef = 87CB59FE1935A83900620C16 /* InfoPlist.strings */; };
		87CB5A031935A84900620C16 /* DebugView.m in Sources */ = {isa = PBXBuildFile; fileRef = 87CB5A021935A84900620C16 /* DebugView.m */; };
		87CB5A111935A8C600620C16 /* FrameCacheView.m in Sources */ = {isa = PBXBuildFile; fileRef = 87CB5A091935A8C600620C16 /* FrameCacheView.m */; };
		87CB5A121935A8C600620C16 /* GraphView.m in Sources */ = {isa = PBXBuildFile; fileRef = 87CB5A0B1935A8C600620C16 /* GraphView.m */; };
		87CB5A131935A8C600620C16 /* main.m in Sources */ = {isa = PBXBuildFile; fileRef = 87CB5A0C1935A8C600620C16 /* main.m */; };
		87CB5A141935A8C600620C16 /* PlayheadView.m in Sources */ = {isa = PBXBuildFile; fileRef = 87CB5A0E1935A8C600620C16 /* PlayheadView.m */; };
		87CB5A151935A8C600620C16 /* RSPlayPauseButton.m in Sources */ = {isa = PBXBuildFile; fileRef = 87CB5A101935A8C600620C16 /* RSPlayPauseButton.m */; };
/* End PBXBuildFile section */

/* Begin PBXCopyFilesBuildPhase section */
		229D6E031C77D121000C59E6 /* Embed Frameworks */ = {
			isa = PBXCopyFilesBuildPhase;
			buildActionMask = 2147483647;
			dstPath = "";
			dstSubfolderSpec = 10;
			files = (
			);
			name = "Embed Frameworks";
			runOnlyForDeploymentPostprocessing = 0;
		};
/* End PBXCopyFilesBuildPhase section */

/* Begin PBXFileReference section */
		083E80B51D3643DE00FA057A /* magic_cube.webp */ = {isa = PBXFileReference; lastKnownFileType = file; name = magic_cube.webp; path = "FLAnimatedImageDemo/test-gifs/magic_cube.webp"; sourceTree = SOURCE_ROOT; };
		083E80B61D3643DE00FA057A /* multi_frames.gif */ = {isa = PBXFileReference; lastKnownFileType = image.gif; name = multi_frames.gif; path = "FLAnimatedImageDemo/test-gifs/multi_frames.gif"; sourceTree = SOURCE_ROOT; };
		083E80BD1D36458500FA057A /* FLAnimatedImage+MultiFormat.h */ = {isa = PBXFileReference; fileEncoding = 4; lastKnownFileType = sourcecode.c.h; path = "FLAnimatedImage+MultiFormat.h"; sourceTree = "<group>"; };
		083E80BE1D36458500FA057A /* FLAnimatedImage+MultiFormat.m */ = {isa = PBXFileReference; fileEncoding = 4; lastKnownFileType = sourcecode.c.objc; path = "FLAnimatedImage+MultiFormat.m"; sourceTree = "<group>"; };
		086EEB931D363E9700D1DF91 /* FLAnimatedImage+Internal.h */ = {isa = PBXFileReference; fileEncoding = 4; lastKnownFileType = sourcecode.c.h; path = "FLAnimatedImage+Internal.h"; sourceTree = "<group>"; };
		086EEB941D363E9700D1DF91 /* FLAnimatedImage.h */ = {isa = PBXFileReference; fileEncoding = 4; lastKnownFileType = sourcecode.c.h; path = FLAnimatedImage.h; sourceTree = "<group>"; };
		086EEB951D363E9700D1DF91 /* FLAnimatedImage.m */ = {isa = PBXFileReference; fileEncoding = 4; lastKnownFileType = sourcecode.c.objc; path = FLAnimatedImage.m; sourceTree = "<group>"; };
		086EEB961D363E9700D1DF91 /* FLAnimatedImageData.h */ = {isa = PBXFileReference; fileEncoding = 4; lastKnownFileType = sourcecode.c.h; path = FLAnimatedImageData.h; sourceTree = "<group>"; };
		086EEB971D363E9700D1DF91 /* FLAnimatedImageData.m */ = {isa = PBXFileReference; fileEncoding = 4; lastKnownFileType = sourcecode.c.objc; path = FLAnimatedImageData.m; sourceTree = "<group>"; };
		086EEB981D363E9700D1DF91 /* FLAnimatedImageFrameCache.h */ = {isa = PBXFileReference; fileEncoding = 4; lastKnownFileType = sourcecode.c.h; path = FLAnimatedImageFrameCache.h; sourceTree = "<group>"; };
		086EEB991D363E9700D1DF91 /* FLAnimatedImageFrameCache.m */ = {isa = PBXFileReference; fileEncoding = 4; lastKnownFileType = sourcecode.c.objc; path = FLAnimatedImageFrameCache.m; sourceTree = "<group>"; };
		086EEB9A1D363E9700D1DF91 /* FLAnimatedImageFrameDataSource.h */ = {isa = PBXFileReference; fileEncoding = 4; lastKnownFileType = sourcecode.c.h; path = FLAnimatedImageFrameDataSource.h; sourceTree = "<group>"; };
		086EEB9B1D363E9700D1DF91 /* FLAnimatedImageView.h */ = {isa = PBXFileReference; fileEncoding = 4; lastKnownFileType = sourcecode.c.h; path = FLAnimatedImageView.h; sourceTree = "<group>"; };
		086EEB9C1D363E9700D1DF91 /* FLAnimatedImageView.m */ = {isa = PBXFileReference; fileEncoding = 4; lastKnownFileType = sourcecode.c.objc; path = FLAnimatedImageView.m; sourceTree = "<group>"; };
		086EEB9D1D363E9700D1DF91 /* FLTimingUtilities.h */ = {isa = PBXFileReference; fileEncoding = 4; lastKnownFileType = sourcecode.c.h; path = FLTimingUtilities.h; sourceTree = "<group>"; };
		086EEB9E1D363E9700D1DF91 /* FLTimingUtilities.m */ = {isa = PBXFileReference; fileEncoding = 4; lastKnownFileType = sourcecode.c.objc; path = FLTimingUtilities.m; sourceTree = "<group>"; };
		086EEB9F1D363E9700D1DF91 /* FLWeakProxy.h */ = {isa = PBXFileReference; fileEncoding = 4; lastKnownFileType = sourcecode.c.h; path = FLWeakProxy.h; sourceTree = "<group>"; };
		086EEBA01D363E9700D1DF91 /* FLWeakProxy.m */ = {isa = PBXFileReference; fileEncoding = 4; lastKnownFileType = sourcecode.c.objc; path = FLWeakProxy.m; sourceTree = "<group>"; };
		086EEBA21D363E9700D1DF91 /* FLAnimatedGIFDataSource.h */ = {isa = PBXFileReference; fileEncoding = 4; lastKnownFileType = sourcecode.c.h; path = FLAnimatedGIFDataSource.h; sourceTree = "<group>"; };
		086EEBA31D363E9700D1DF91 /* FLAnimatedGIFDataSource.m */ = {isa = PBXFileReference; fileEncoding = 4; lastKnownFileType = sourcecode.c.objc; path = FLAnimatedGIFDataSource.m; sourceTree = "<group>"; };
		086EEBA41D363E9700D1DF91 /* FLAnimatedImage+GIF.h */ = {isa = PBXFileReference; fileEncoding = 4; lastKnownFileType = sourcecode.c.h; path = "FLAnimatedImage+GIF.h"; sourceTree = "<group>"; };
		086EEBA51D363E9700D1DF91 /* FLAnimatedImage+GIF.m */ = {isa = PBXFileReference; fileEncoding = 4; lastKnownFileType = sourcecode.c.objc; path = "FLAnimatedImage+GIF.m"; sourceTree = "<group>"; };
		086EEBA71D363E9700D1DF91 /* FLAnimatedImage+WebP.h */ = {isa = PBXFileReference; fileEncoding = 4; lastKnownFileType = sourcecode.c.h; path = "FLAnimatedImage+WebP.h"; sourceTree = "<group>"; };
		086EEBA81D363E9700D1DF91 /* FLAnimatedImage+WebP.m */ = {isa = PBXFileReference; fileEncoding = 4; lastKnownFileType = sourcecode.c.objc; path = "FLAnimatedImage+WebP.m"; sourceTree = "<group>"; };
		086EEBA91D363E9700D1DF91 /* FLAnimatedWebPDataSource.h */ = {isa = PBXFileReference; fileEncoding = 4; lastKnownFileType = sourcecode.c.h; path = FLAnimatedWebPDataSource.h; sourceTree = "<group>"; };
		086EEBAA1D363E9700D1DF91 /* FLAnimatedWebPDataSource.m */ = {isa = PBXFileReference; fileEncoding = 4; lastKnownFileType = sourcecode.c.objc; path = FLAnimatedWebPDataSource.m; sourceTree = "<group>"; };
		086EEBAB1D363E9700D1DF91 /* FLAnimatedWebPDemuxer.h */ = {isa = PBXFileReference; fileEncoding = 4; lastKnownFileType = sourcecode.c.h; path = FLAnimatedWebPDemuxer.h; sourceTree = "<group>"; };
		086EEBAC1D363E9700D1DF91 /* FLAnimatedWebPDemuxer.m */ = {isa = PBXFileReference; fileEncoding = 4; lastKnownFileType = sourcecode.c.objc; path = FLAnimatedWebPDemuxer.m; sourceTree = "<group>"; };
		086EEBAD1D363E9700D1DF91 /* FLAnimatedWebPFrameInfo.h */ = {isa = PBXFileReference; fileEncoding = 4; lastKnownFileType = sourcecode.c.h; path = FLAnimatedWebPFrameInfo.h; sourceTree = "<group>"; };
		086EEBAE1D363E9700D1DF91 /* FLAnimatedWebPFrameInfo.m */ = {isa = PBXFileReference; fileEncoding = 4; lastKnownFileType = sourcecode.c.objc; path = FLAnimatedWebPFrameInfo.m; sourceTree = "<group>"; };
		086EEBAF1D363E9700D1DF91 /* FLWebPUtilities.h */ = {isa = PBXFileReference; fileEncoding = 4; lastKnownFileType = sourcecode.c.h; path = FLWebPUtilities.h; sourceTree = "<group>"; };
		086EEBB01D363E9700D1DF91 /* FLWebPUtilities.m */ = {isa = PBXFileReference; fileEncoding = 4; lastKnownFileType = sourcecode.c.objc; path = FLWebPUtilities.m; sourceTree = "<group>"; };
		26728DBEE3BDDDEE8F752011 /* libPods-FLAnimatedImageDemo.a */ = {isa = PBXFileReference; explicitFileType = archive.ar; includeInIndex = 0; path = "libPods-FLAnimatedImageDemo.a"; sourceTree = BUILT_PRODUCTS_DIR; };
		54286036F9E131ABC95FDF6E /* Pods-FLAnimatedImageDemo.release.xcconfig */ = {isa = PBXFileReference; includeInIndex = 1; lastKnownFileType = text.xcconfig; name = "Pods-FLAnimatedImageDemo.release.xcconfig"; path = "Pods/Target Support Files/Pods-FLAnimatedImageDemo/Pods-FLAnimatedImageDemo.release.xcconfig"; sourceTree = "<group>"; };
		870D79D41936EBFC009D1BCE /* rock.gif */ = {isa = PBXFileReference; lastKnownFileType = image.gif; name = rock.gif; path = "FLAnimatedImageDemo/test-gifs/rock.gif"; sourceTree = SOURCE_ROOT; };
		872EBE6C178B825500B7531B /* FLAnimatedImageDemo.app */ = {isa = PBXFileReference; explicitFileType = wrapper.application; includeInIndex = 0; path = FLAnimatedImageDemo.app; sourceTree = BUILT_PRODUCTS_DIR; };
		872EBE6F178B825500B7531B /* UIKit.framework */ = {isa = PBXFileReference; lastKnownFileType = wrapper.framework; name = UIKit.framework; path = System/Library/Frameworks/UIKit.framework; sourceTree = SDKROOT; };
		872EBE71178B825500B7531B /* Foundation.framework */ = {isa = PBXFileReference; lastKnownFileType = wrapper.framework; name = Foundation.framework; path = System/Library/Frameworks/Foundation.framework; sourceTree = SDKROOT; };
		872EBE73178B825500B7531B /* CoreGraphics.framework */ = {isa = PBXFileReference; lastKnownFileType = wrapper.framework; name = CoreGraphics.framework; path = System/Library/Frameworks/CoreGraphics.framework; sourceTree = SDKROOT; };
		872EBEB2178B89DF00B7531B /* ImageIO.framework */ = {isa = PBXFileReference; lastKnownFileType = wrapper.framework; name = ImageIO.framework; path = System/Library/Frameworks/ImageIO.framework; sourceTree = SDKROOT; };
		872EBEBA178B8F9000B7531B /* MobileCoreServices.framework */ = {isa = PBXFileReference; lastKnownFileType = wrapper.framework; name = MobileCoreServices.framework; path = System/Library/Frameworks/MobileCoreServices.framework; sourceTree = SDKROOT; };
		872EBEBC178B8FA000B7531B /* QuartzCore.framework */ = {isa = PBXFileReference; lastKnownFileType = wrapper.framework; name = QuartzCore.framework; path = System/Library/Frameworks/QuartzCore.framework; sourceTree = SDKROOT; };
		8790E1161935ABDA00459BC1 /* Images.xcassets */ = {isa = PBXFileReference; lastKnownFileType = folder.assetcatalog; name = Images.xcassets; path = FLAnimatedImageDemo/Images.xcassets; sourceTree = "<group>"; };
		87CB59EC1935A7BB00620C16 /* AppDelegate.h */ = {isa = PBXFileReference; fileEncoding = 4; lastKnownFileType = sourcecode.c.h; name = AppDelegate.h; path = FLAnimatedImageDemo/AppDelegate.h; sourceTree = "<group>"; };
		87CB59ED1935A7BB00620C16 /* AppDelegate.m */ = {isa = PBXFileReference; fileEncoding = 4; lastKnownFileType = sourcecode.c.objc; name = AppDelegate.m; path = FLAnimatedImageDemo/AppDelegate.m; sourceTree = "<group>"; };
		87CB59EE1935A7BB00620C16 /* RootViewController.h */ = {isa = PBXFileReference; fileEncoding = 4; lastKnownFileType = sourcecode.c.h; name = RootViewController.h; path = FLAnimatedImageDemo/RootViewController.h; sourceTree = "<group>"; };
		87CB59EF1935A7BB00620C16 /* RootViewController.m */ = {isa = PBXFileReference; fileEncoding = 4; lastKnownFileType = sourcecode.c.objc; name = RootViewController.m; path = FLAnimatedImageDemo/RootViewController.m; sourceTree = "<group>"; };
		87CB59FF1935A83900620C16 /* en */ = {isa = PBXFileReference; lastKnownFileType = text.plist.strings; name = en; path = FLAnimatedImageDemo/en.lproj/InfoPlist.strings; sourceTree = "<group>"; };
		87CB5A011935A84900620C16 /* DebugView.h */ = {isa = PBXFileReference; fileEncoding = 4; lastKnownFileType = sourcecode.c.h; name = DebugView.h; path = FLAnimatedImageDemo/DebugView.h; sourceTree = "<group>"; };
		87CB5A021935A84900620C16 /* DebugView.m */ = {isa = PBXFileReference; fileEncoding = 4; lastKnownFileType = sourcecode.c.objc; name = DebugView.m; path = FLAnimatedImageDemo/DebugView.m; sourceTree = "<group>"; };
		87CB5A041935A8A600620C16 /* FLAnimatedImageDemo-Info.plist */ = {isa = PBXFileReference; fileEncoding = 4; lastKnownFileType = text.plist.xml; name = "FLAnimatedImageDemo-Info.plist"; path = "FLAnimatedImageDemo/FLAnimatedImageDemo-Info.plist"; sourceTree = "<group>"; };
		87CB5A081935A8C600620C16 /* FrameCacheView.h */ = {isa = PBXFileReference; fileEncoding = 4; lastKnownFileType = sourcecode.c.h; name = FrameCacheView.h; path = FLAnimatedImageDemo/FrameCacheView.h; sourceTree = "<group>"; };
		87CB5A091935A8C600620C16 /* FrameCacheView.m */ = {isa = PBXFileReference; fileEncoding = 4; lastKnownFileType = sourcecode.c.objc; name = FrameCacheView.m; path = FLAnimatedImageDemo/FrameCacheView.m; sourceTree = "<group>"; };
		87CB5A0A1935A8C600620C16 /* GraphView.h */ = {isa = PBXFileReference; fileEncoding = 4; lastKnownFileType = sourcecode.c.h; name = GraphView.h; path = FLAnimatedImageDemo/GraphView.h; sourceTree = "<group>"; };
		87CB5A0B1935A8C600620C16 /* GraphView.m */ = {isa = PBXFileReference; fileEncoding = 4; lastKnownFileType = sourcecode.c.objc; name = GraphView.m; path = FLAnimatedImageDemo/GraphView.m; sourceTree = "<group>"; };
		87CB5A0C1935A8C600620C16 /* main.m */ = {isa = PBXFileReference; fileEncoding = 4; lastKnownFileType = sourcecode.c.objc; name = main.m; path = FLAnimatedImageDemo/main.m; sourceTree = "<group>"; };
		87CB5A0D1935A8C600620C16 /* PlayheadView.h */ = {isa = PBXFileReference; fileEncoding = 4; lastKnownFileType = sourcecode.c.h; name = PlayheadView.h; path = FLAnimatedImageDemo/PlayheadView.h; sourceTree = "<group>"; };
		87CB5A0E1935A8C600620C16 /* PlayheadView.m */ = {isa = PBXFileReference; fileEncoding = 4; lastKnownFileType = sourcecode.c.objc; name = PlayheadView.m; path = FLAnimatedImageDemo/PlayheadView.m; sourceTree = "<group>"; };
		87CB5A0F1935A8C600620C16 /* RSPlayPauseButton.h */ = {isa = PBXFileReference; fileEncoding = 4; lastKnownFileType = sourcecode.c.h; name = RSPlayPauseButton.h; path = FLAnimatedImageDemo/RSPlayPauseButton.h; sourceTree = "<group>"; };
		87CB5A101935A8C600620C16 /* RSPlayPauseButton.m */ = {isa = PBXFileReference; fileEncoding = 4; lastKnownFileType = sourcecode.c.objc; name = RSPlayPauseButton.m; path = FLAnimatedImageDemo/RSPlayPauseButton.m; sourceTree = "<group>"; };
		87CB5A171935A93F00620C16 /* FLAnimatedImageDemo-Prefix.pch */ = {isa = PBXFileReference; fileEncoding = 4; lastKnownFileType = sourcecode.c.h; name = "FLAnimatedImageDemo-Prefix.pch"; path = "FLAnimatedImageDemo/FLAnimatedImageDemo-Prefix.pch"; sourceTree = "<group>"; };
		8DE25DFDFD6B83734F4DCBA5 /* Pods-FLAnimatedImageDemo.debug.xcconfig */ = {isa = PBXFileReference; includeInIndex = 1; lastKnownFileType = text.xcconfig; name = "Pods-FLAnimatedImageDemo.debug.xcconfig"; path = "Pods/Target Support Files/Pods-FLAnimatedImageDemo/Pods-FLAnimatedImageDemo.debug.xcconfig"; sourceTree = "<group>"; };
/* End PBXFileReference section */

/* Begin PBXFrameworksBuildPhase section */
		872EBE69178B825500B7531B /* Frameworks */ = {
			isa = PBXFrameworksBuildPhase;
			buildActionMask = 2147483647;
			files = (
				872EBE72178B825500B7531B /* Foundation.framework in Frameworks */,
				872EBE74178B825500B7531B /* CoreGraphics.framework in Frameworks */,
				872EBE70178B825500B7531B /* UIKit.framework in Frameworks */,
				872EBEBD178B8FA000B7531B /* QuartzCore.framework in Frameworks */,
				872EBEB3178B89DF00B7531B /* ImageIO.framework in Frameworks */,
				872EBEBB178B8F9000B7531B /* MobileCoreServices.framework in Frameworks */,
				488BE11385C46C68FE254925 /* libPods-FLAnimatedImageDemo.a in Frameworks */,
			);
			runOnlyForDeploymentPostprocessing = 0;
		};
/* End PBXFrameworksBuildPhase section */

/* Begin PBXGroup section */
		086EEB911D363E9700D1DF91 /* FLAnimatedImage */ = {
			isa = PBXGroup;
			children = (
				086EEB921D363E9700D1DF91 /* Core */,
				086EEBA11D363E9700D1DF91 /* GIF */,
				086EEBA61D363E9700D1DF91 /* WebP */,
			);
			name = FLAnimatedImage;
			path = FLAnimatedImageDemo/FLAnimatedImage;
			sourceTree = "<group>";
		};
		086EEB921D363E9700D1DF91 /* Core */ = {
			isa = PBXGroup;
			children = (
				086EEB941D363E9700D1DF91 /* FLAnimatedImage.h */,
				086EEB951D363E9700D1DF91 /* FLAnimatedImage.m */,
				086EEB931D363E9700D1DF91 /* FLAnimatedImage+Internal.h */,
				083E80BD1D36458500FA057A /* FLAnimatedImage+MultiFormat.h */,
				083E80BE1D36458500FA057A /* FLAnimatedImage+MultiFormat.m */,
				086EEB9B1D363E9700D1DF91 /* FLAnimatedImageView.h */,
				086EEB9C1D363E9700D1DF91 /* FLAnimatedImageView.m */,
				086EEB961D363E9700D1DF91 /* FLAnimatedImageData.h */,
				086EEB971D363E9700D1DF91 /* FLAnimatedImageData.m */,
				086EEB981D363E9700D1DF91 /* FLAnimatedImageFrameCache.h */,
				086EEB991D363E9700D1DF91 /* FLAnimatedImageFrameCache.m */,
				086EEB9A1D363E9700D1DF91 /* FLAnimatedImageFrameDataSource.h */,
				086EEB9F1D363E9700D1DF91 /* FLWeakProxy.h */,
				086EEBA01D363E9700D1DF91 /* FLWeakProxy.m */,
				086EEB9D1D363E9700D1DF91 /* FLTimingUtilities.h */,
				086EEB9E1D363E9700D1DF91 /* FLTimingUtilities.m */,
			);
			path = Core;
			sourceTree = "<group>";
		};
		086EEBA11D363E9700D1DF91 /* GIF */ = {
			isa = PBXGroup;
			children = (
				086EEBA21D363E9700D1DF91 /* FLAnimatedGIFDataSource.h */,
				086EEBA31D363E9700D1DF91 /* FLAnimatedGIFDataSource.m */,
				086EEBA41D363E9700D1DF91 /* FLAnimatedImage+GIF.h */,
				086EEBA51D363E9700D1DF91 /* FLAnimatedImage+GIF.m */,
			);
			path = GIF;
			sourceTree = "<group>";
		};
		086EEBA61D363E9700D1DF91 /* WebP */ = {
			isa = PBXGroup;
			children = (
				086EEBA71D363E9700D1DF91 /* FLAnimatedImage+WebP.h */,
				086EEBA81D363E9700D1DF91 /* FLAnimatedImage+WebP.m */,
				086EEBA91D363E9700D1DF91 /* FLAnimatedWebPDataSource.h */,
				086EEBAA1D363E9700D1DF91 /* FLAnimatedWebPDataSource.m */,
				086EEBAB1D363E9700D1DF91 /* FLAnimatedWebPDemuxer.h */,
				086EEBAC1D363E9700D1DF91 /* FLAnimatedWebPDemuxer.m */,
				086EEBAD1D363E9700D1DF91 /* FLAnimatedWebPFrameInfo.h */,
				086EEBAE1D363E9700D1DF91 /* FLAnimatedWebPFrameInfo.m */,
				086EEBAF1D363E9700D1DF91 /* FLWebPUtilities.h */,
				086EEBB01D363E9700D1DF91 /* FLWebPUtilities.m */,
			);
			path = WebP;
			sourceTree = "<group>";
		};
		872EBE63178B825500B7531B = {
			isa = PBXGroup;
			children = (
				872EBE75178B825500B7531B /* FLAnimatedImageDemo */,
				872EBE6E178B825500B7531B /* Frameworks */,
				872EBE6D178B825500B7531B /* Products */,
				8D8A6E69544B1D2326A21684 /* Pods */,
			);
			sourceTree = "<group>";
		};
		872EBE6D178B825500B7531B /* Products */ = {
			isa = PBXGroup;
			children = (
				872EBE6C178B825500B7531B /* FLAnimatedImageDemo.app */,
			);
			name = Products;
			sourceTree = "<group>";
		};
		872EBE6E178B825500B7531B /* Frameworks */ = {
			isa = PBXGroup;
			children = (
				872EBE71178B825500B7531B /* Foundation.framework */,
				872EBE73178B825500B7531B /* CoreGraphics.framework */,
				872EBE6F178B825500B7531B /* UIKit.framework */,
				872EBEBC178B8FA000B7531B /* QuartzCore.framework */,
				872EBEB2178B89DF00B7531B /* ImageIO.framework */,
				872EBEBA178B8F9000B7531B /* MobileCoreServices.framework */,
				26728DBEE3BDDDEE8F752011 /* libPods-FLAnimatedImageDemo.a */,
			);
			name = Frameworks;
			sourceTree = "<group>";
		};
		872EBE75178B825500B7531B /* FLAnimatedImageDemo */ = {
			isa = PBXGroup;
			children = (
				87CB59EC1935A7BB00620C16 /* AppDelegate.h */,
				87CB59ED1935A7BB00620C16 /* AppDelegate.m */,
				87CB59EE1935A7BB00620C16 /* RootViewController.h */,
				87CB59EF1935A7BB00620C16 /* RootViewController.m */,
				086EEB911D363E9700D1DF91 /* FLAnimatedImage */,
				8791BCBF191B2AAE00A846A5 /* test-gifs */,
				8790E1161935ABDA00459BC1 /* Images.xcassets */,
				872EBE76178B825500B7531B /* Supporting Files */,
			);
			name = FLAnimatedImageDemo;
			sourceTree = "<group>";
		};
		872EBE76178B825500B7531B /* Supporting Files */ = {
			isa = PBXGroup;
			children = (
				87CB5A041935A8A600620C16 /* FLAnimatedImageDemo-Info.plist */,
				87CB59FE1935A83900620C16 /* InfoPlist.strings */,
				87CB5A171935A93F00620C16 /* FLAnimatedImageDemo-Prefix.pch */,
				87CB5A0C1935A8C600620C16 /* main.m */,
				87CB5A011935A84900620C16 /* DebugView.h */,
				87CB5A021935A84900620C16 /* DebugView.m */,
				87CB5A0A1935A8C600620C16 /* GraphView.h */,
				87CB5A0B1935A8C600620C16 /* GraphView.m */,
				87CB5A081935A8C600620C16 /* FrameCacheView.h */,
				87CB5A091935A8C600620C16 /* FrameCacheView.m */,
				87CB5A0D1935A8C600620C16 /* PlayheadView.h */,
				87CB5A0E1935A8C600620C16 /* PlayheadView.m */,
				87CB5A0F1935A8C600620C16 /* RSPlayPauseButton.h */,
				87CB5A101935A8C600620C16 /* RSPlayPauseButton.m */,
			);
			name = "Supporting Files";
			sourceTree = "<group>";
		};
		8791BCBF191B2AAE00A846A5 /* test-gifs */ = {
			isa = PBXGroup;
			children = (
				083E80B51D3643DE00FA057A /* magic_cube.webp */,
				083E80B61D3643DE00FA057A /* multi_frames.gif */,
				870D79D41936EBFC009D1BCE /* rock.gif */,
			);
			name = "test-gifs";
			path = "AnimatedImageDemo/animated-gifs";
			sourceTree = SOURCE_ROOT;
		};
		8D8A6E69544B1D2326A21684 /* Pods */ = {
			isa = PBXGroup;
			children = (
				8DE25DFDFD6B83734F4DCBA5 /* Pods-FLAnimatedImageDemo.debug.xcconfig */,
				54286036F9E131ABC95FDF6E /* Pods-FLAnimatedImageDemo.release.xcconfig */,
			);
			name = Pods;
			sourceTree = "<group>";
		};
/* End PBXGroup section */

/* Begin PBXNativeTarget section */
		872EBE6B178B825500B7531B /* FLAnimatedImage */ = {
			isa = PBXNativeTarget;
			buildConfigurationList = 872EBEA7178B825500B7531B /* Build configuration list for PBXNativeTarget "FLAnimatedImage" */;
			buildPhases = (
				9829CEC9733AFBFE272B49E2 /* [CP] Check Pods Manifest.lock */,
				872EBE68178B825500B7531B /* Sources */,
				872EBE69178B825500B7531B /* Frameworks */,
				872EBE6A178B825500B7531B /* Resources */,
				229D6E031C77D121000C59E6 /* Embed Frameworks */,
				B6B126B65BBA55CF8F3CA2B4 /* [CP] Embed Pods Frameworks */,
				59BBB3262AA041B1D3291356 /* [CP] Copy Pods Resources */,
			);
			buildRules = (
			);
			dependencies = (
			);
			name = FLAnimatedImage;
			productName = AnimatedImageDemo;
			productReference = 872EBE6C178B825500B7531B /* FLAnimatedImageDemo.app */;
			productType = "com.apple.product-type.application";
		};
/* End PBXNativeTarget section */

/* Begin PBXProject section */
		872EBE64178B825500B7531B /* Project object */ = {
			isa = PBXProject;
			attributes = {
				CLASSPREFIX = FL;
				LastUpgradeCheck = 0700;
				ORGANIZATIONNAME = Flipboard;
			};
			buildConfigurationList = 872EBE67178B825500B7531B /* Build configuration list for PBXProject "FLAnimatedImageDemo" */;
			compatibilityVersion = "Xcode 3.2";
			developmentRegion = English;
			hasScannedForEncodings = 0;
			knownRegions = (
				en,
			);
			mainGroup = 872EBE63178B825500B7531B;
			productRefGroup = 872EBE6D178B825500B7531B /* Products */;
			projectDirPath = "";
			projectRoot = "";
			targets = (
				872EBE6B178B825500B7531B /* FLAnimatedImage */,
			);
		};
/* End PBXProject section */

/* Begin PBXResourcesBuildPhase section */
		872EBE6A178B825500B7531B /* Resources */ = {
			isa = PBXResourcesBuildPhase;
			buildActionMask = 2147483647;
			files = (
				8790E1171935ABDA00459BC1 /* Images.xcassets in Resources */,
				083E80B81D3643DE00FA057A /* multi_frames.gif in Resources */,
				870D79D51936EBFC009D1BCE /* rock.gif in Resources */,
				083E80B71D3643DE00FA057A /* magic_cube.webp in Resources */,
				87CB5A001935A83900620C16 /* InfoPlist.strings in Resources */,
			);
			runOnlyForDeploymentPostprocessing = 0;
		};
/* End PBXResourcesBuildPhase section */

/* Begin PBXShellScriptBuildPhase section */
		59BBB3262AA041B1D3291356 /* [CP] Copy Pods Resources */ = {
			isa = PBXShellScriptBuildPhase;
			buildActionMask = 2147483647;
			files = (
			);
			inputPaths = (
			);
			name = "[CP] Copy Pods Resources";
			outputPaths = (
			);
			runOnlyForDeploymentPostprocessing = 0;
			shellPath = /bin/sh;
			shellScript = "\"${SRCROOT}/Pods/Target Support Files/Pods-FLAnimatedImageDemo/Pods-FLAnimatedImageDemo-resources.sh\"\n";
			showEnvVarsInLog = 0;
		};
		9829CEC9733AFBFE272B49E2 /* [CP] Check Pods Manifest.lock */ = {
			isa = PBXShellScriptBuildPhase;
			buildActionMask = 2147483647;
			files = (
			);
			inputPaths = (
			);
			name = "[CP] Check Pods Manifest.lock";
			outputPaths = (
			);
			runOnlyForDeploymentPostprocessing = 0;
			shellPath = /bin/sh;
			shellScript = "diff \"${PODS_ROOT}/../Podfile.lock\" \"${PODS_ROOT}/Manifest.lock\" > /dev/null\nif [[ $? != 0 ]] ; then\n    cat << EOM\nerror: The sandbox is not in sync with the Podfile.lock. Run 'pod install' or update your CocoaPods installation.\nEOM\n    exit 1\nfi\n";
			showEnvVarsInLog = 0;
		};
		B6B126B65BBA55CF8F3CA2B4 /* [CP] Embed Pods Frameworks */ = {
			isa = PBXShellScriptBuildPhase;
			buildActionMask = 2147483647;
			files = (
			);
			inputPaths = (
			);
			name = "[CP] Embed Pods Frameworks";
			outputPaths = (
			);
			runOnlyForDeploymentPostprocessing = 0;
			shellPath = /bin/sh;
			shellScript = "\"${SRCROOT}/Pods/Target Support Files/Pods-FLAnimatedImageDemo/Pods-FLAnimatedImageDemo-frameworks.sh\"\n";
			showEnvVarsInLog = 0;
		};
/* End PBXShellScriptBuildPhase section */

/* Begin PBXSourcesBuildPhase section */
		872EBE68178B825500B7531B /* Sources */ = {
			isa = PBXSourcesBuildPhase;
			buildActionMask = 2147483647;
			files = (
				086EEBB21D363E9700D1DF91 /* FLAnimatedImageData.m in Sources */,
				086EEBB31D363E9700D1DF91 /* FLAnimatedImageFrameCache.m in Sources */,
				086EEBBB1D363E9700D1DF91 /* FLAnimatedWebPDemuxer.m in Sources */,
				083E80BF1D36458500FA057A /* FLAnimatedImage+MultiFormat.m in Sources */,
				87CB59F01935A7BB00620C16 /* AppDelegate.m in Sources */,
				87CB5A151935A8C600620C16 /* RSPlayPauseButton.m in Sources */,
				086EEBB91D363E9700D1DF91 /* FLAnimatedImage+WebP.m in Sources */,
				87CB59F11935A7BB00620C16 /* RootViewController.m in Sources */,
				87CB5A141935A8C600620C16 /* PlayheadView.m in Sources */,
				87CB5A031935A84900620C16 /* DebugView.m in Sources */,
				87CB5A121935A8C600620C16 /* GraphView.m in Sources */,
				086EEBBC1D363E9700D1DF91 /* FLAnimatedWebPFrameInfo.m in Sources */,
				086EEBBA1D363E9700D1DF91 /* FLAnimatedWebPDataSource.m in Sources */,
				87CB5A131935A8C600620C16 /* main.m in Sources */,
				086EEBB81D363E9700D1DF91 /* FLAnimatedImage+GIF.m in Sources */,
				87CB5A111935A8C600620C16 /* FrameCacheView.m in Sources */,
				086EEBB51D363E9700D1DF91 /* FLTimingUtilities.m in Sources */,
				086EEBB71D363E9700D1DF91 /* FLAnimatedGIFDataSource.m in Sources */,
				086EEBBD1D363E9700D1DF91 /* FLWebPUtilities.m in Sources */,
				086EEBB11D363E9700D1DF91 /* FLAnimatedImage.m in Sources */,
				086EEBB61D363E9700D1DF91 /* FLWeakProxy.m in Sources */,
				086EEBB41D363E9700D1DF91 /* FLAnimatedImageView.m in Sources */,
			);
			runOnlyForDeploymentPostprocessing = 0;
		};
/* End PBXSourcesBuildPhase section */

/* Begin PBXVariantGroup section */
		87CB59FE1935A83900620C16 /* InfoPlist.strings */ = {
			isa = PBXVariantGroup;
			children = (
				87CB59FF1935A83900620C16 /* en */,
			);
			name = InfoPlist.strings;
			sourceTree = "<group>";
		};
/* End PBXVariantGroup section */

/* Begin XCBuildConfiguration section */
		872EBEA5178B825500B7531B /* Debug */ = {
			isa = XCBuildConfiguration;
			buildSettings = {
				ALWAYS_SEARCH_USER_PATHS = NO;
				CLANG_CXX_LANGUAGE_STANDARD = "gnu++0x";
				CLANG_CXX_LIBRARY = "libc++";
				CLANG_ENABLE_OBJC_ARC = YES;
				CLANG_WARN_CONSTANT_CONVERSION = YES;
				CLANG_WARN_EMPTY_BODY = YES;
				CLANG_WARN_ENUM_CONVERSION = YES;
				CLANG_WARN_INT_CONVERSION = YES;
				CLANG_WARN__DUPLICATE_METHOD_MATCH = YES;
				"CODE_SIGN_IDENTITY[sdk=iphoneos*]" = "iPhone Developer";
				COPY_PHASE_STRIP = NO;
				ENABLE_TESTABILITY = YES;
				GCC_C_LANGUAGE_STANDARD = gnu99;
				GCC_DYNAMIC_NO_PIC = NO;
				GCC_OPTIMIZATION_LEVEL = 0;
				GCC_PREPROCESSOR_DEFINITIONS = (
					"DEBUG=1",
					"$(inherited)",
				);
				GCC_SYMBOLS_PRIVATE_EXTERN = NO;
				GCC_WARN_ABOUT_RETURN_TYPE = YES;
				GCC_WARN_UNINITIALIZED_AUTOS = YES;
				GCC_WARN_UNUSED_VARIABLE = YES;
				IPHONEOS_DEPLOYMENT_TARGET = 8.0;
				ONLY_ACTIVE_ARCH = YES;
				SDKROOT = iphoneos;
				TARGETED_DEVICE_FAMILY = "1,2";
			};
			name = Debug;
		};
		872EBEA6178B825500B7531B /* Release */ = {
			isa = XCBuildConfiguration;
			buildSettings = {
				ALWAYS_SEARCH_USER_PATHS = NO;
				CLANG_CXX_LANGUAGE_STANDARD = "gnu++0x";
				CLANG_CXX_LIBRARY = "libc++";
				CLANG_ENABLE_OBJC_ARC = YES;
				CLANG_WARN_CONSTANT_CONVERSION = YES;
				CLANG_WARN_EMPTY_BODY = YES;
				CLANG_WARN_ENUM_CONVERSION = YES;
				CLANG_WARN_INT_CONVERSION = YES;
				CLANG_WARN__DUPLICATE_METHOD_MATCH = YES;
				"CODE_SIGN_IDENTITY[sdk=iphoneos*]" = "iPhone Developer";
				COPY_PHASE_STRIP = YES;
				GCC_C_LANGUAGE_STANDARD = gnu99;
				GCC_WARN_ABOUT_RETURN_TYPE = YES;
				GCC_WARN_UNINITIALIZED_AUTOS = YES;
				GCC_WARN_UNUSED_VARIABLE = YES;
				IPHONEOS_DEPLOYMENT_TARGET = 8.0;
				OTHER_CFLAGS = "-DNS_BLOCK_ASSERTIONS=1";
				SDKROOT = iphoneos;
				TARGETED_DEVICE_FAMILY = "1,2";
				VALIDATE_PRODUCT = YES;
			};
			name = Release;
		};
		872EBEA8178B825500B7531B /* Debug */ = {
			isa = XCBuildConfiguration;
			baseConfigurationReference = 8DE25DFDFD6B83734F4DCBA5 /* Pods-FLAnimatedImageDemo.debug.xcconfig */;
			buildSettings = {
				ASSETCATALOG_COMPILER_APPICON_NAME = AppIcon;
				ASSETCATALOG_COMPILER_LAUNCHIMAGE_NAME = LaunchImage;
				GCC_PRECOMPILE_PREFIX_HEADER = YES;
				GCC_PREFIX_HEADER = "FLAnimatedImageDemo/FLAnimatedImageDemo-Prefix.pch";
				GCC_PREPROCESSOR_DEFINITIONS = (
					"$(inherited)",
					"COCOAPODS=1",
					"FL_WEBP=1",
				);
				INFOPLIST_FILE = "FLAnimatedImageDemo/FLAnimatedImageDemo-Info.plist";
				LD_RUNPATH_SEARCH_PATHS = "$(inherited) @executable_path/Frameworks";
				PRODUCT_BUNDLE_IDENTIFIER = "com.flipboard.${PRODUCT_NAME:rfc1034identifier}";
				PRODUCT_NAME = FLAnimatedImageDemo;
				TARGETED_DEVICE_FAMILY = 2;
				USER_HEADER_SEARCH_PATHS = "";
				WARNING_CFLAGS = "-Wundef";
				WRAPPER_EXTENSION = app;
			};
			name = Debug;
		};
		872EBEA9178B825500B7531B /* Release */ = {
			isa = XCBuildConfiguration;
			baseConfigurationReference = 54286036F9E131ABC95FDF6E /* Pods-FLAnimatedImageDemo.release.xcconfig */;
			buildSettings = {
				ASSETCATALOG_COMPILER_APPICON_NAME = AppIcon;
				ASSETCATALOG_COMPILER_LAUNCHIMAGE_NAME = LaunchImage;
				GCC_PRECOMPILE_PREFIX_HEADER = YES;
				GCC_PREFIX_HEADER = "FLAnimatedImageDemo/FLAnimatedImageDemo-Prefix.pch";
				GCC_PREPROCESSOR_DEFINITIONS = (
					"$(inherited)",
					"COCOAPODS=1",
					"FL_WEBP=1",
				);
				INFOPLIST_FILE = "FLAnimatedImageDemo/FLAnimatedImageDemo-Info.plist";
				LD_RUNPATH_SEARCH_PATHS = "$(inherited) @executable_path/Frameworks";
				PRODUCT_BUNDLE_IDENTIFIER = "com.flipboard.${PRODUCT_NAME:rfc1034identifier}";
				PRODUCT_NAME = FLAnimatedImageDemo;
				TARGETED_DEVICE_FAMILY = 2;
				USER_HEADER_SEARCH_PATHS = "";
				WARNING_CFLAGS = "-Wundef";
				WRAPPER_EXTENSION = app;
			};
			name = Release;
		};
/* End XCBuildConfiguration section */

/* Begin XCConfigurationList section */
		872EBE67178B825500B7531B /* Build configuration list for PBXProject "FLAnimatedImageDemo" */ = {
			isa = XCConfigurationList;
			buildConfigurations = (
				872EBEA5178B825500B7531B /* Debug */,
				872EBEA6178B825500B7531B /* Release */,
			);
			defaultConfigurationIsVisible = 0;
			defaultConfigurationName = Release;
		};
		872EBEA7178B825500B7531B /* Build configuration list for PBXNativeTarget "FLAnimatedImage" */ = {
			isa = XCConfigurationList;
			buildConfigurations = (
				872EBEA8178B825500B7531B /* Debug */,
				872EBEA9178B825500B7531B /* Release */,
			);
			defaultConfigurationIsVisible = 0;
			defaultConfigurationName = Release;
		};
/* End XCConfigurationList section */
	};
	rootObject = 872EBE64178B825500B7531B /* Project object */;
}
